
Microsoft Visual Studio Solution File, Format Version 12.00
# Visual Studio Version 17
VisualStudioVersion = 17.7.34024.191
MinimumVisualStudioVersion = 10.0.40219.1
Project("{FAE04EC0-301F-11D3-BF4B-00C04F79EFBC}") = "claseNoSiete", "claseNoSiete\claseNoSiete.csproj", "{5190EDBC-F507-4897-AC70-D443DA389644}"
EndProject
Global
	GlobalSection(SolutionConfigurationPlatforms) = preSolution
		Debug|Any CPU = Debug|Any CPU
		Release|Any CPU = Release|Any CPU
	EndGlobalSection
	GlobalSection(ProjectConfigurationPlatforms) = postSolution
		{5190EDBC-F507-4897-AC70-D443DA389644}.Debug|Any CPU.ActiveCfg = Debug|Any CPU
		{5190EDBC-F507-4897-AC70-D443DA389644}.Debug|Any CPU.Build.0 = Debug|Any CPU
		{5190EDBC-F507-4897-AC70-D443DA389644}.Release|Any CPU.ActiveCfg = Release|Any CPU
		{5190EDBC-F507-4897-AC70-D443DA389644}.Release|Any CPU.Build.0 = Release|Any CPU
	EndGlobalSection
	GlobalSection(SolutionProperties) = preSolution
		HideSolutionNode = FALSE
	EndGlobalSection
	GlobalSection(ExtensibilityGlobals) = postSolution
		SolutionGuid = {050F903D-283A-41AA-9E86-A73949E1EEBB}
	EndGlobalSection
EndGlobal
