
Microsoft Visual Studio Solution File, Format Version 12.00
# Visual Studio Version 17
VisualStudioVersion = 17.7.34024.191
MinimumVisualStudioVersion = 10.0.40219.1
Project("{FAE04EC0-301F-11D3-BF4B-00C04F79EFBC}") = "ejercicioTryCatch", "ejercicioTryCatch\ejercicioTryCatch.csproj", "{6736D488-4DC5-4B85-B0C3-BB1137D094BC}"
EndProject
Global
	GlobalSection(SolutionConfigurationPlatforms) = preSolution
		Debug|Any CPU = Debug|Any CPU
		Release|Any CPU = Release|Any CPU
	EndGlobalSection
	GlobalSection(ProjectConfigurationPlatforms) = postSolution
		{6736D488-4DC5-4B85-B0C3-BB1137D094BC}.Debug|Any CPU.ActiveCfg = Debug|Any CPU
		{6736D488-4DC5-4B85-B0C3-BB1137D094BC}.Debug|Any CPU.Build.0 = Debug|Any CPU
		{6736D488-4DC5-4B85-B0C3-BB1137D094BC}.Release|Any CPU.ActiveCfg = Release|Any CPU
		{6736D488-4DC5-4B85-B0C3-BB1137D094BC}.Release|Any CPU.Build.0 = Release|Any CPU
	EndGlobalSection
	GlobalSection(SolutionProperties) = preSolution
		HideSolutionNode = FALSE
	EndGlobalSection
	GlobalSection(ExtensibilityGlobals) = postSolution
		SolutionGuid = {0A8ECC77-C221-49B9-9975-75AA7797E82B}
	EndGlobalSection
EndGlobal
