
Microsoft Visual Studio Solution File, Format Version 12.00
# Visual Studio Version 17
VisualStudioVersion = 17.7.34024.191
MinimumVisualStudioVersion = 10.0.40219.1
Project("{FAE04EC0-301F-11D3-BF4B-00C04F79EFBC}") = "juegoTotito", "juegoTotito\juegoTotito.csproj", "{011F210F-0A07-4E78-8612-D9377F8CBDB2}"
EndProject
Global
	GlobalSection(SolutionConfigurationPlatforms) = preSolution
		Debug|Any CPU = Debug|Any CPU
		Release|Any CPU = Release|Any CPU
	EndGlobalSection
	GlobalSection(ProjectConfigurationPlatforms) = postSolution
		{011F210F-0A07-4E78-8612-D9377F8CBDB2}.Debug|Any CPU.ActiveCfg = Debug|Any CPU
		{011F210F-0A07-4E78-8612-D9377F8CBDB2}.Debug|Any CPU.Build.0 = Debug|Any CPU
		{011F210F-0A07-4E78-8612-D9377F8CBDB2}.Release|Any CPU.ActiveCfg = Release|Any CPU
		{011F210F-0A07-4E78-8612-D9377F8CBDB2}.Release|Any CPU.Build.0 = Release|Any CPU
	EndGlobalSection
	GlobalSection(SolutionProperties) = preSolution
		HideSolutionNode = FALSE
	EndGlobalSection
	GlobalSection(ExtensibilityGlobals) = postSolution
		SolutionGuid = {F320453B-7E58-4173-A367-5FA5703CBCB1}
	EndGlobalSection
EndGlobal
