
Microsoft Visual Studio Solution File, Format Version 12.00
# Visual Studio Version 17
VisualStudioVersion = 17.7.34031.279
MinimumVisualStudioVersion = 10.0.40219.1
Project("{FAE04EC0-301F-11D3-BF4B-00C04F79EFBC}") = "Laboratorio10_07", "Laboratorio10_07\Laboratorio10_07.csproj", "{EA275B91-90C5-4EC0-8BE5-FE29569F0E21}"
EndProject
Global
	GlobalSection(SolutionConfigurationPlatforms) = preSolution
		Debug|Any CPU = Debug|Any CPU
		Release|Any CPU = Release|Any CPU
	EndGlobalSection
	GlobalSection(ProjectConfigurationPlatforms) = postSolution
		{EA275B91-90C5-4EC0-8BE5-FE29569F0E21}.Debug|Any CPU.ActiveCfg = Debug|Any CPU
		{EA275B91-90C5-4EC0-8BE5-FE29569F0E21}.Debug|Any CPU.Build.0 = Debug|Any CPU
		{EA275B91-90C5-4EC0-8BE5-FE29569F0E21}.Release|Any CPU.ActiveCfg = Release|Any CPU
		{EA275B91-90C5-4EC0-8BE5-FE29569F0E21}.Release|Any CPU.Build.0 = Release|Any CPU
	EndGlobalSection
	GlobalSection(SolutionProperties) = preSolution
		HideSolutionNode = FALSE
	EndGlobalSection
	GlobalSection(ExtensibilityGlobals) = postSolution
		SolutionGuid = {5CB254BD-A889-4F42-8BC4-A16049C9D858}
	EndGlobalSection
EndGlobal
