
Microsoft Visual Studio Solution File, Format Version 12.00
# Visual Studio Version 17
VisualStudioVersion = 17.7.34202.233
MinimumVisualStudioVersion = 10.0.40219.1
Project("{FAE04EC0-301F-11D3-BF4B-00C04F79EFBC}") = "ExamenFinal", "ExamenFinal\ExamenFinal.csproj", "{5F169BE9-F091-4D4B-9534-50FF764C2707}"
EndProject
Global
	GlobalSection(SolutionConfigurationPlatforms) = preSolution
		Debug|Any CPU = Debug|Any CPU
		Release|Any CPU = Release|Any CPU
	EndGlobalSection
	GlobalSection(ProjectConfigurationPlatforms) = postSolution
		{5F169BE9-F091-4D4B-9534-50FF764C2707}.Debug|Any CPU.ActiveCfg = Debug|Any CPU
		{5F169BE9-F091-4D4B-9534-50FF764C2707}.Debug|Any CPU.Build.0 = Debug|Any CPU
		{5F169BE9-F091-4D4B-9534-50FF764C2707}.Release|Any CPU.ActiveCfg = Release|Any CPU
		{5F169BE9-F091-4D4B-9534-50FF764C2707}.Release|Any CPU.Build.0 = Release|Any CPU
	EndGlobalSection
	GlobalSection(SolutionProperties) = preSolution
		HideSolutionNode = FALSE
	EndGlobalSection
	GlobalSection(ExtensibilityGlobals) = postSolution
		SolutionGuid = {46AB3FCA-589A-4C50-9182-FB413DA534FA}
	EndGlobalSection
EndGlobal
